
Microsoft Visual Studio Solution File, Format Version 12.00
# Visual Studio Version 17
VisualStudioVersion = 17.14.36212.18
MinimumVisualStudioVersion = 10.0.40219.1
Project("{FAE04EC0-301F-11D3-BF4B-00C04F79EFBC}") = "LWhisper.UI.WPF", "LWhisper.UI.WPF\LWhisper.UI.WPF.csproj", "{5C31EF3A-8DEE-4FFE-936B-4943851F9D03}"
EndProject
Project("{FAE04EC0-301F-11D3-BF4B-00C04F79EFBC}") = "LWhisper.Core", "LWhisper.Core\LWhisper.Core.csproj", "{51505BEF-AD47-4885-890F-A82B86D6CEF9}"
EndProject
Project("{FAE04EC0-301F-11D3-BF4B-00C04F79EFBC}") = "LWhisper.SpeechEngine", "LWhisper.SpeechEngine\LWhisper.SpeechEngine.csproj", "{695BB453-FCB4-4BF6-BC08-CDA88DA7C565}"
EndProject
Project("{FAE04EC0-301F-11D3-BF4B-00C04F79EFBC}") = "LWhisper.Tests", "LWhisper.Tests\LWhisper.Tests.csproj", "{F9A433C0-348A-4A4B-8540-1302E00EF320}"
EndProject
Project("{FAE04EC0-301F-11D3-BF4B-00C04F79EFBC}") = "LWhisper.DevTools", "LWhisper.DevTools\LWhisper.DevTools.csproj", "{FC5F9297-556E-41F3-AFCF-A990EB3F1DC2}"
EndProject
Global
	GlobalSection(SolutionConfigurationPlatforms) = preSolution
		Debug|Any CPU = Debug|Any CPU
		Debug|x64 = Debug|x64
		Debug|x86 = Debug|x86
		Release|Any CPU = Release|Any CPU
		Release|x64 = Release|x64
		Release|x86 = Release|x86
	EndGlobalSection
	GlobalSection(ProjectConfigurationPlatforms) = postSolution
		{5C31EF3A-8DEE-4FFE-936B-4943851F9D03}.Debug|Any CPU.ActiveCfg = Debug|Any CPU
		{5C31EF3A-8DEE-4FFE-936B-4943851F9D03}.Debug|Any CPU.Build.0 = Debug|Any CPU
		{5C31EF3A-8DEE-4FFE-936B-4943851F9D03}.Debug|x64.ActiveCfg = Debug|Any CPU
		{5C31EF3A-8DEE-4FFE-936B-4943851F9D03}.Debug|x64.Build.0 = Debug|Any CPU
		{5C31EF3A-8DEE-4FFE-936B-4943851F9D03}.Debug|x86.ActiveCfg = Debug|Any CPU
		{5C31EF3A-8DEE-4FFE-936B-4943851F9D03}.Debug|x86.Build.0 = Debug|Any CPU
		{5C31EF3A-8DEE-4FFE-936B-4943851F9D03}.Release|Any CPU.ActiveCfg = Release|Any CPU
		{5C31EF3A-8DEE-4FFE-936B-4943851F9D03}.Release|Any CPU.Build.0 = Release|Any CPU
		{5C31EF3A-8DEE-4FFE-936B-4943851F9D03}.Release|x64.ActiveCfg = Release|Any CPU
		{5C31EF3A-8DEE-4FFE-936B-4943851F9D03}.Release|x64.Build.0 = Release|Any CPU
		{5C31EF3A-8DEE-4FFE-936B-4943851F9D03}.Release|x86.ActiveCfg = Release|Any CPU
		{5C31EF3A-8DEE-4FFE-936B-4943851F9D03}.Release|x86.Build.0 = Release|Any CPU
		{51505BEF-AD47-4885-890F-A82B86D6CEF9}.Debug|Any CPU.ActiveCfg = Debug|Any CPU
		{51505BEF-AD47-4885-890F-A82B86D6CEF9}.Debug|Any CPU.Build.0 = Debug|Any CPU
		{51505BEF-AD47-4885-890F-A82B86D6CEF9}.Debug|x64.ActiveCfg = Debug|Any CPU
		{51505BEF-AD47-4885-890F-A82B86D6CEF9}.Debug|x64.Build.0 = Debug|Any CPU
		{51505BEF-AD47-4885-890F-A82B86D6CEF9}.Debug|x86.ActiveCfg = Debug|Any CPU
		{51505BEF-AD47-4885-890F-A82B86D6CEF9}.Debug|x86.Build.0 = Debug|Any CPU
		{51505BEF-AD47-4885-890F-A82B86D6CEF9}.Release|Any CPU.ActiveCfg = Release|Any CPU
		{51505BEF-AD47-4885-890F-A82B86D6CEF9}.Release|Any CPU.Build.0 = Release|Any CPU
		{51505BEF-AD47-4885-890F-A82B86D6CEF9}.Release|x64.ActiveCfg = Release|Any CPU
		{51505BEF-AD47-4885-890F-A82B86D6CEF9}.Release|x64.Build.0 = Release|Any CPU
		{51505BEF-AD47-4885-890F-A82B86D6CEF9}.Release|x86.ActiveCfg = Release|Any CPU
		{51505BEF-AD47-4885-890F-A82B86D6CEF9}.Release|x86.Build.0 = Release|Any CPU
		{695BB453-FCB4-4BF6-BC08-CDA88DA7C565}.Debug|Any CPU.ActiveCfg = Debug|Any CPU
		{695BB453-FCB4-4BF6-BC08-CDA88DA7C565}.Debug|Any CPU.Build.0 = Debug|Any CPU
		{695BB453-FCB4-4BF6-BC08-CDA88DA7C565}.Debug|x64.ActiveCfg = Debug|Any CPU
		{695BB453-FCB4-4BF6-BC08-CDA88DA7C565}.Debug|x64.Build.0 = Debug|Any CPU
		{695BB453-FCB4-4BF6-BC08-CDA88DA7C565}.Debug|x86.ActiveCfg = Debug|Any CPU
		{695BB453-FCB4-4BF6-BC08-CDA88DA7C565}.Debug|x86.Build.0 = Debug|Any CPU
		{695BB453-FCB4-4BF6-BC08-CDA88DA7C565}.Release|Any CPU.ActiveCfg = Release|Any CPU
		{695BB453-FCB4-4BF6-BC08-CDA88DA7C565}.Release|Any CPU.Build.0 = Release|Any CPU
		{695BB453-FCB4-4BF6-BC08-CDA88DA7C565}.Release|x64.ActiveCfg = Release|Any CPU
		{695BB453-FCB4-4BF6-BC08-CDA88DA7C565}.Release|x64.Build.0 = Release|Any CPU
		{695BB453-FCB4-4BF6-BC08-CDA88DA7C565}.Release|x86.ActiveCfg = Release|Any CPU
		{695BB453-FCB4-4BF6-BC08-CDA88DA7C565}.Release|x86.Build.0 = Release|Any CPU
		{F9A433C0-348A-4A4B-8540-1302E00EF320}.Debug|Any CPU.ActiveCfg = Debug|Any CPU
		{F9A433C0-348A-4A4B-8540-1302E00EF320}.Debug|Any CPU.Build.0 = Debug|Any CPU
		{F9A433C0-348A-4A4B-8540-1302E00EF320}.Debug|x64.ActiveCfg = Debug|Any CPU
		{F9A433C0-348A-4A4B-8540-1302E00EF320}.Debug|x64.Build.0 = Debug|Any CPU
		{F9A433C0-348A-4A4B-8540-1302E00EF320}.Debug|x86.ActiveCfg = Debug|Any CPU
		{F9A433C0-348A-4A4B-8540-1302E00EF320}.Debug|x86.Build.0 = Debug|Any CPU
		{F9A433C0-348A-4A4B-8540-1302E00EF320}.Release|Any CPU.ActiveCfg = Release|Any CPU
		{F9A433C0-348A-4A4B-8540-1302E00EF320}.Release|Any CPU.Build.0 = Release|Any CPU
		{F9A433C0-348A-4A4B-8540-1302E00EF320}.Release|x64.ActiveCfg = Release|Any CPU
		{F9A433C0-348A-4A4B-8540-1302E00EF320}.Release|x64.Build.0 = Release|Any CPU
		{F9A433C0-348A-4A4B-8540-1302E00EF320}.Release|x86.ActiveCfg = Release|Any CPU
		{F9A433C0-348A-4A4B-8540-1302E00EF320}.Release|x86.Build.0 = Release|Any CPU
		{FC5F9297-556E-41F3-AFCF-A990EB3F1DC2}.Debug|Any CPU.ActiveCfg = Debug|Any CPU
		{FC5F9297-556E-41F3-AFCF-A990EB3F1DC2}.Debug|Any CPU.Build.0 = Debug|Any CPU
		{FC5F9297-556E-41F3-AFCF-A990EB3F1DC2}.Debug|x64.ActiveCfg = Debug|Any CPU
		{FC5F9297-556E-41F3-AFCF-A990EB3F1DC2}.Debug|x64.Build.0 = Debug|Any CPU
		{FC5F9297-556E-41F3-AFCF-A990EB3F1DC2}.Debug|x86.ActiveCfg = Debug|Any CPU
		{FC5F9297-556E-41F3-AFCF-A990EB3F1DC2}.Debug|x86.Build.0 = Debug|Any CPU
		{FC5F9297-556E-41F3-AFCF-A990EB3F1DC2}.Release|Any CPU.ActiveCfg = Release|Any CPU
		{FC5F9297-556E-41F3-AFCF-A990EB3F1DC2}.Release|Any CPU.Build.0 = Release|Any CPU
		{FC5F9297-556E-41F3-AFCF-A990EB3F1DC2}.Release|x64.ActiveCfg = Release|Any CPU
		{FC5F9297-556E-41F3-AFCF-A990EB3F1DC2}.Release|x64.Build.0 = Release|Any CPU
		{FC5F9297-556E-41F3-AFCF-A990EB3F1DC2}.Release|x86.ActiveCfg = Release|Any CPU
		{FC5F9297-556E-41F3-AFCF-A990EB3F1DC2}.Release|x86.Build.0 = Release|Any CPU
	EndGlobalSection
	GlobalSection(SolutionProperties) = preSolution
		HideSolutionNode = FALSE
	EndGlobalSection
	GlobalSection(ExtensibilityGlobals) = postSolution
		SolutionGuid = {2664B6E7-55EC-49D5-A04B-635A82FEC24B}
	EndGlobalSection
EndGlobal
